{
  "name": "response-handler",
  "version": "1.0.0",
  "lockfileVersion": 1,
  "requires": true,
  "dependencies": {
    "node-http-error": {
      "version": "2.0.0",
      "resolved": "https://registry.npmjs.org/node-http-error/-/node-http-error-2.0.0.tgz",
      "integrity": "sha1-haCu7tjzLwwLdfJxXEzQXHZ6yoE="
    }
  }
}
